
Microsoft Visual Studio Solution File, Format Version 12.00
# Visual Studio Version 17
VisualStudioVersion = 17.4.33213.308
MinimumVisualStudioVersion = 10.0.40219.1
Project("{FAE04EC0-301F-11D3-BF4B-00C04F79EFBC}") = "BoArtPaint", "BoArtPaint\BoArtPaint.csproj", "{C286341C-B06C-4A5E-91ED-72444D9956AA}"
EndProject
Global
	GlobalSection(SolutionConfigurationPlatforms) = preSolution
		Debug|Any CPU = Debug|Any CPU
		Release|Any CPU = Release|Any CPU
	EndGlobalSection
	GlobalSection(ProjectConfigurationPlatforms) = postSolution
		{C286341C-B06C-4A5E-91ED-72444D9956AA}.Debug|Any CPU.ActiveCfg = Debug|Any CPU
		{C286341C-B06C-4A5E-91ED-72444D9956AA}.Debug|Any CPU.Build.0 = Debug|Any CPU
		{C286341C-B06C-4A5E-91ED-72444D9956AA}.Release|Any CPU.ActiveCfg = Release|Any CPU
		{C286341C-B06C-4A5E-91ED-72444D9956AA}.Release|Any CPU.Build.0 = Release|Any CPU
	EndGlobalSection
	GlobalSection(SolutionProperties) = preSolution
		HideSolutionNode = FALSE
	EndGlobalSection
	GlobalSection(ExtensibilityGlobals) = postSolution
		SolutionGuid = {72260CFC-C896-4656-B95B-8E2431DF0F3D}
	EndGlobalSection
EndGlobal
